
Microsoft Visual Studio Solution File, Format Version 12.00
# Visual Studio Version 17
VisualStudioVersion = 17.4.33213.308
MinimumVisualStudioVersion = 10.0.40219.1
Project("{FAE04EC0-301F-11D3-BF4B-00C04F79EFBC}") = "LeseRazorPizzeria", "LeseRazorPizzeria\LeseRazorPizzeria.csproj", "{3CC72787-EC90-4D47-910D-9C4EAC5A481A}"
EndProject
Global
	GlobalSection(SolutionConfigurationPlatforms) = preSolution
		Debug|Any CPU = Debug|Any CPU
		Release|Any CPU = Release|Any CPU
	EndGlobalSection
	GlobalSection(ProjectConfigurationPlatforms) = postSolution
		{3CC72787-EC90-4D47-910D-9C4EAC5A481A}.Debug|Any CPU.ActiveCfg = Debug|Any CPU
		{3CC72787-EC90-4D47-910D-9C4EAC5A481A}.Debug|Any CPU.Build.0 = Debug|Any CPU
		{3CC72787-EC90-4D47-910D-9C4EAC5A481A}.Release|Any CPU.ActiveCfg = Release|Any CPU
		{3CC72787-EC90-4D47-910D-9C4EAC5A481A}.Release|Any CPU.Build.0 = Release|Any CPU
	EndGlobalSection
	GlobalSection(SolutionProperties) = preSolution
		HideSolutionNode = FALSE
	EndGlobalSection
	GlobalSection(ExtensibilityGlobals) = postSolution
		SolutionGuid = {B9C10037-DB5F-48AA-95CF-4DC88D00ABD7}
	EndGlobalSection
EndGlobal
